
Microsoft Visual Studio Solution File, Format Version 12.00
# Visual Studio 15
VisualStudioVersion = 15.0.27130.2003
MinimumVisualStudioVersion = 10.0.40219.1
Project("{FAE04EC0-301F-11D3-BF4B-00C04F79EFBC}") = "CSMultyThreading", "CSMultyThreading\CSMultyThreading.csproj", "{B0989C99-B1F6-488B-9AB8-222CD7BAFA4C}"
EndProject
Project("{FAE04EC0-301F-11D3-BF4B-00C04F79EFBC}") = "CSMultyThreading2", "CSMultyThreading2\CSMultyThreading2.csproj", "{FDF06DD4-80CC-4B1B-8209-757A6C73D8DC}"
EndProject
Global
	GlobalSection(SolutionConfigurationPlatforms) = preSolution
		Debug|Any CPU = Debug|Any CPU
		Release|Any CPU = Release|Any CPU
	EndGlobalSection
	GlobalSection(ProjectConfigurationPlatforms) = postSolution
		{B0989C99-B1F6-488B-9AB8-222CD7BAFA4C}.Debug|Any CPU.ActiveCfg = Debug|Any CPU
		{B0989C99-B1F6-488B-9AB8-222CD7BAFA4C}.Debug|Any CPU.Build.0 = Debug|Any CPU
		{B0989C99-B1F6-488B-9AB8-222CD7BAFA4C}.Release|Any CPU.ActiveCfg = Release|Any CPU
		{B0989C99-B1F6-488B-9AB8-222CD7BAFA4C}.Release|Any CPU.Build.0 = Release|Any CPU
		{FDF06DD4-80CC-4B1B-8209-757A6C73D8DC}.Debug|Any CPU.ActiveCfg = Debug|Any CPU
		{FDF06DD4-80CC-4B1B-8209-757A6C73D8DC}.Debug|Any CPU.Build.0 = Debug|Any CPU
		{FDF06DD4-80CC-4B1B-8209-757A6C73D8DC}.Release|Any CPU.ActiveCfg = Release|Any CPU
		{FDF06DD4-80CC-4B1B-8209-757A6C73D8DC}.Release|Any CPU.Build.0 = Release|Any CPU
	EndGlobalSection
	GlobalSection(SolutionProperties) = preSolution
		HideSolutionNode = FALSE
	EndGlobalSection
	GlobalSection(ExtensibilityGlobals) = postSolution
		SolutionGuid = {784EC7EA-3D58-4685-8249-805BB12425D9}
	EndGlobalSection
EndGlobal
